
Microsoft Visual Studio Solution File, Format Version 12.00
# Visual Studio Version 16
VisualStudioVersion = 25.0.1704.2
MinimumVisualStudioVersion = 10.0.40219.1
Project("{FAE04EC0-301F-11D3-BF4B-00C04F79EFBC}") = "P01_BasicStackOperations", "P01_BasicStackOperations\P01_BasicStackOperations.csproj", "{F961841B-D4C4-4F3C-A273-FA8BE7A96159}"
EndProject
Project("{FAE04EC0-301F-11D3-BF4B-00C04F79EFBC}") = "P02_BasicQueueOperations", "P02_BasicQueueOperations\P02_BasicQueueOperations.csproj", "{260F1EF9-9AF0-4F42-BB80-0CBBAF7882C6}"
EndProject
Project("{FAE04EC0-301F-11D3-BF4B-00C04F79EFBC}") = "P03_MaximumAndMinimumElement", "P03_MaximumAndMinimumElement\P03_MaximumAndMinimumElement.csproj", "{CEA0BD18-E2E1-4EB5-AF4C-60C19EDEC2F7}"
EndProject
Project("{FAE04EC0-301F-11D3-BF4B-00C04F79EFBC}") = "P04_FastFood", "P04_FastFood\P04_FastFood.csproj", "{1FE58412-D981-46EC-9BFF-FAB607AE04B8}"
EndProject
Project("{FAE04EC0-301F-11D3-BF4B-00C04F79EFBC}") = "P05_FashionBoutique", "P05_FashionBoutique\P05_FashionBoutique.csproj", "{A487D680-32EB-4BF1-99FE-40AC6953E1B6}"
EndProject
Project("{FAE04EC0-301F-11D3-BF4B-00C04F79EFBC}") = "P06_SongsQueue", "P06_SongsQueue\P06_SongsQueue.csproj", "{539F6A88-7727-4A6E-B992-442A8ADFAF88}"
EndProject
Project("{FAE04EC0-301F-11D3-BF4B-00C04F79EFBC}") = "P07_TruckTour", "P07_TruckTour\P07_TruckTour.csproj", "{A7101DF6-D736-4DBE-B70C-FD8F89BEE071}"
EndProject
Project("{FAE04EC0-301F-11D3-BF4B-00C04F79EFBC}") = "P08_BalancedParenthesis", "P08_BalancedParenthesis\P08_BalancedParenthesis.csproj", "{06454EE2-6F7C-4B68-BE1E-2E6CE5DF9B5B}"
EndProject
Global
	GlobalSection(SolutionConfigurationPlatforms) = preSolution
		Debug|Any CPU = Debug|Any CPU
		Release|Any CPU = Release|Any CPU
	EndGlobalSection
	GlobalSection(ProjectConfigurationPlatforms) = postSolution
		{F961841B-D4C4-4F3C-A273-FA8BE7A96159}.Debug|Any CPU.ActiveCfg = Debug|Any CPU
		{F961841B-D4C4-4F3C-A273-FA8BE7A96159}.Debug|Any CPU.Build.0 = Debug|Any CPU
		{F961841B-D4C4-4F3C-A273-FA8BE7A96159}.Release|Any CPU.ActiveCfg = Release|Any CPU
		{F961841B-D4C4-4F3C-A273-FA8BE7A96159}.Release|Any CPU.Build.0 = Release|Any CPU
		{260F1EF9-9AF0-4F42-BB80-0CBBAF7882C6}.Debug|Any CPU.ActiveCfg = Debug|Any CPU
		{260F1EF9-9AF0-4F42-BB80-0CBBAF7882C6}.Debug|Any CPU.Build.0 = Debug|Any CPU
		{260F1EF9-9AF0-4F42-BB80-0CBBAF7882C6}.Release|Any CPU.ActiveCfg = Release|Any CPU
		{260F1EF9-9AF0-4F42-BB80-0CBBAF7882C6}.Release|Any CPU.Build.0 = Release|Any CPU
		{CEA0BD18-E2E1-4EB5-AF4C-60C19EDEC2F7}.Debug|Any CPU.ActiveCfg = Debug|Any CPU
		{CEA0BD18-E2E1-4EB5-AF4C-60C19EDEC2F7}.Debug|Any CPU.Build.0 = Debug|Any CPU
		{CEA0BD18-E2E1-4EB5-AF4C-60C19EDEC2F7}.Release|Any CPU.ActiveCfg = Release|Any CPU
		{CEA0BD18-E2E1-4EB5-AF4C-60C19EDEC2F7}.Release|Any CPU.Build.0 = Release|Any CPU
		{1FE58412-D981-46EC-9BFF-FAB607AE04B8}.Debug|Any CPU.ActiveCfg = Debug|Any CPU
		{1FE58412-D981-46EC-9BFF-FAB607AE04B8}.Debug|Any CPU.Build.0 = Debug|Any CPU
		{1FE58412-D981-46EC-9BFF-FAB607AE04B8}.Release|Any CPU.ActiveCfg = Release|Any CPU
		{1FE58412-D981-46EC-9BFF-FAB607AE04B8}.Release|Any CPU.Build.0 = Release|Any CPU
		{A487D680-32EB-4BF1-99FE-40AC6953E1B6}.Debug|Any CPU.ActiveCfg = Debug|Any CPU
		{A487D680-32EB-4BF1-99FE-40AC6953E1B6}.Debug|Any CPU.Build.0 = Debug|Any CPU
		{A487D680-32EB-4BF1-99FE-40AC6953E1B6}.Release|Any CPU.ActiveCfg = Release|Any CPU
		{A487D680-32EB-4BF1-99FE-40AC6953E1B6}.Release|Any CPU.Build.0 = Release|Any CPU
		{539F6A88-7727-4A6E-B992-442A8ADFAF88}.Debug|Any CPU.ActiveCfg = Debug|Any CPU
		{539F6A88-7727-4A6E-B992-442A8ADFAF88}.Debug|Any CPU.Build.0 = Debug|Any CPU
		{539F6A88-7727-4A6E-B992-442A8ADFAF88}.Release|Any CPU.ActiveCfg = Release|Any CPU
		{539F6A88-7727-4A6E-B992-442A8ADFAF88}.Release|Any CPU.Build.0 = Release|Any CPU
		{A7101DF6-D736-4DBE-B70C-FD8F89BEE071}.Debug|Any CPU.ActiveCfg = Debug|Any CPU
		{A7101DF6-D736-4DBE-B70C-FD8F89BEE071}.Debug|Any CPU.Build.0 = Debug|Any CPU
		{A7101DF6-D736-4DBE-B70C-FD8F89BEE071}.Release|Any CPU.ActiveCfg = Release|Any CPU
		{A7101DF6-D736-4DBE-B70C-FD8F89BEE071}.Release|Any CPU.Build.0 = Release|Any CPU
		{06454EE2-6F7C-4B68-BE1E-2E6CE5DF9B5B}.Debug|Any CPU.ActiveCfg = Debug|Any CPU
		{06454EE2-6F7C-4B68-BE1E-2E6CE5DF9B5B}.Debug|Any CPU.Build.0 = Debug|Any CPU
		{06454EE2-6F7C-4B68-BE1E-2E6CE5DF9B5B}.Release|Any CPU.ActiveCfg = Release|Any CPU
		{06454EE2-6F7C-4B68-BE1E-2E6CE5DF9B5B}.Release|Any CPU.Build.0 = Release|Any CPU
	EndGlobalSection
	GlobalSection(SolutionProperties) = preSolution
		HideSolutionNode = FALSE
	EndGlobalSection
	GlobalSection(ExtensibilityGlobals) = postSolution
		SolutionGuid = {398A561A-9A6B-4444-B9FA-B07DB6F710E7}
	EndGlobalSection
EndGlobal
