
Microsoft Visual Studio Solution File, Format Version 12.00
# Visual Studio Version 16
VisualStudioVersion = 25.0.1704.3
MinimumVisualStudioVersion = 10.0.40219.1
Project("{FAE04EC0-301F-11D3-BF4B-00C04F79EFBC}") = "P01_ActionPoint", "P01_ActionPoint\P01_ActionPoint.csproj", "{0A0E845E-75E3-4430-BFF0-D9738B487124}"
EndProject
Project("{FAE04EC0-301F-11D3-BF4B-00C04F79EFBC}") = "P02_KnightsOfHonor", "P02_KnightsOfHonor\P02_KnightsOfHonor.csproj", "{E66BC75E-C88D-4C2B-B2F0-4E0E111AC677}"
EndProject
Project("{FAE04EC0-301F-11D3-BF4B-00C04F79EFBC}") = "P03_CustomMinFunction", "P03_CustomMinFunction\P03_CustomMinFunction.csproj", "{69270700-2B5B-4968-895C-E6A80CDE302A}"
EndProject
Project("{FAE04EC0-301F-11D3-BF4B-00C04F79EFBC}") = "P04_FindEvensOrOdds", "P04_FindEvensOrOdds\P04_FindEvensOrOdds.csproj", "{3B611878-6EB4-485E-AE11-5262A44A275D}"
EndProject
Project("{FAE04EC0-301F-11D3-BF4B-00C04F79EFBC}") = "P05_AppliedArithmetics", "P05_AppliedArithmetics\P05_AppliedArithmetics.csproj", "{13F7B15E-CF25-46EB-AEF9-A715F55D65BB}"
EndProject
Project("{FAE04EC0-301F-11D3-BF4B-00C04F79EFBC}") = "P11_TriFunction", "P11_TriFunction\P11_TriFunction.csproj", "{DE9C5E4B-9705-44B2-9D87-5B39584D474C}"
EndProject
Project("{FAE04EC0-301F-11D3-BF4B-00C04F79EFBC}") = "P06_ReverseAndExclude", "P06_ReverseAndExclude\P06_ReverseAndExclude.csproj", "{AA0AB2E5-7CA6-4079-AE9A-70B628B8D87A}"
EndProject
Global
	GlobalSection(SolutionConfigurationPlatforms) = preSolution
		Debug|Any CPU = Debug|Any CPU
		Release|Any CPU = Release|Any CPU
	EndGlobalSection
	GlobalSection(ProjectConfigurationPlatforms) = postSolution
		{0A0E845E-75E3-4430-BFF0-D9738B487124}.Debug|Any CPU.ActiveCfg = Debug|Any CPU
		{0A0E845E-75E3-4430-BFF0-D9738B487124}.Debug|Any CPU.Build.0 = Debug|Any CPU
		{0A0E845E-75E3-4430-BFF0-D9738B487124}.Release|Any CPU.ActiveCfg = Release|Any CPU
		{0A0E845E-75E3-4430-BFF0-D9738B487124}.Release|Any CPU.Build.0 = Release|Any CPU
		{E66BC75E-C88D-4C2B-B2F0-4E0E111AC677}.Debug|Any CPU.ActiveCfg = Debug|Any CPU
		{E66BC75E-C88D-4C2B-B2F0-4E0E111AC677}.Debug|Any CPU.Build.0 = Debug|Any CPU
		{E66BC75E-C88D-4C2B-B2F0-4E0E111AC677}.Release|Any CPU.ActiveCfg = Release|Any CPU
		{E66BC75E-C88D-4C2B-B2F0-4E0E111AC677}.Release|Any CPU.Build.0 = Release|Any CPU
		{69270700-2B5B-4968-895C-E6A80CDE302A}.Debug|Any CPU.ActiveCfg = Debug|Any CPU
		{69270700-2B5B-4968-895C-E6A80CDE302A}.Debug|Any CPU.Build.0 = Debug|Any CPU
		{69270700-2B5B-4968-895C-E6A80CDE302A}.Release|Any CPU.ActiveCfg = Release|Any CPU
		{69270700-2B5B-4968-895C-E6A80CDE302A}.Release|Any CPU.Build.0 = Release|Any CPU
		{3B611878-6EB4-485E-AE11-5262A44A275D}.Debug|Any CPU.ActiveCfg = Debug|Any CPU
		{3B611878-6EB4-485E-AE11-5262A44A275D}.Debug|Any CPU.Build.0 = Debug|Any CPU
		{3B611878-6EB4-485E-AE11-5262A44A275D}.Release|Any CPU.ActiveCfg = Release|Any CPU
		{3B611878-6EB4-485E-AE11-5262A44A275D}.Release|Any CPU.Build.0 = Release|Any CPU
		{13F7B15E-CF25-46EB-AEF9-A715F55D65BB}.Debug|Any CPU.ActiveCfg = Debug|Any CPU
		{13F7B15E-CF25-46EB-AEF9-A715F55D65BB}.Debug|Any CPU.Build.0 = Debug|Any CPU
		{13F7B15E-CF25-46EB-AEF9-A715F55D65BB}.Release|Any CPU.ActiveCfg = Release|Any CPU
		{13F7B15E-CF25-46EB-AEF9-A715F55D65BB}.Release|Any CPU.Build.0 = Release|Any CPU
		{DE9C5E4B-9705-44B2-9D87-5B39584D474C}.Debug|Any CPU.ActiveCfg = Debug|Any CPU
		{DE9C5E4B-9705-44B2-9D87-5B39584D474C}.Debug|Any CPU.Build.0 = Debug|Any CPU
		{DE9C5E4B-9705-44B2-9D87-5B39584D474C}.Release|Any CPU.ActiveCfg = Release|Any CPU
		{DE9C5E4B-9705-44B2-9D87-5B39584D474C}.Release|Any CPU.Build.0 = Release|Any CPU
		{AA0AB2E5-7CA6-4079-AE9A-70B628B8D87A}.Debug|Any CPU.ActiveCfg = Debug|Any CPU
		{AA0AB2E5-7CA6-4079-AE9A-70B628B8D87A}.Debug|Any CPU.Build.0 = Debug|Any CPU
		{AA0AB2E5-7CA6-4079-AE9A-70B628B8D87A}.Release|Any CPU.ActiveCfg = Release|Any CPU
		{AA0AB2E5-7CA6-4079-AE9A-70B628B8D87A}.Release|Any CPU.Build.0 = Release|Any CPU
	EndGlobalSection
	GlobalSection(SolutionProperties) = preSolution
		HideSolutionNode = FALSE
	EndGlobalSection
	GlobalSection(ExtensibilityGlobals) = postSolution
		SolutionGuid = {30692D17-535F-4167-939D-9248F44B3318}
	EndGlobalSection
EndGlobal
