
Microsoft Visual Studio Solution File, Format Version 12.00
# Visual Studio Version 16
VisualStudioVersion = 25.0.1704.4
MinimumVisualStudioVersion = 10.0.40219.1
Project("{FAE04EC0-301F-11D3-BF4B-00C04F79EFBC}") = "ListyIterator", "ListyIterator\ListyIterator.csproj", "{7A62BE79-FA9B-4CE3-ADF0-EA5CED0B710C}"
EndProject
Project("{FAE04EC0-301F-11D3-BF4B-00C04F79EFBC}") = "Stack", "CustomStack\Stack.csproj", "{4C7E88F9-8871-455D-B268-5FEEEDE67F72}"
EndProject
Global
	GlobalSection(SolutionConfigurationPlatforms) = preSolution
		Debug|Any CPU = Debug|Any CPU
		Release|Any CPU = Release|Any CPU
	EndGlobalSection
	GlobalSection(ProjectConfigurationPlatforms) = postSolution
		{7A62BE79-FA9B-4CE3-ADF0-EA5CED0B710C}.Debug|Any CPU.ActiveCfg = Debug|Any CPU
		{7A62BE79-FA9B-4CE3-ADF0-EA5CED0B710C}.Debug|Any CPU.Build.0 = Debug|Any CPU
		{7A62BE79-FA9B-4CE3-ADF0-EA5CED0B710C}.Release|Any CPU.ActiveCfg = Release|Any CPU
		{7A62BE79-FA9B-4CE3-ADF0-EA5CED0B710C}.Release|Any CPU.Build.0 = Release|Any CPU
		{4C7E88F9-8871-455D-B268-5FEEEDE67F72}.Debug|Any CPU.ActiveCfg = Debug|Any CPU
		{4C7E88F9-8871-455D-B268-5FEEEDE67F72}.Debug|Any CPU.Build.0 = Debug|Any CPU
		{4C7E88F9-8871-455D-B268-5FEEEDE67F72}.Release|Any CPU.ActiveCfg = Release|Any CPU
		{4C7E88F9-8871-455D-B268-5FEEEDE67F72}.Release|Any CPU.Build.0 = Release|Any CPU
	EndGlobalSection
	GlobalSection(SolutionProperties) = preSolution
		HideSolutionNode = FALSE
	EndGlobalSection
	GlobalSection(ExtensibilityGlobals) = postSolution
		SolutionGuid = {69601B4A-BE4E-4E20-9384-75D1084396CC}
	EndGlobalSection
EndGlobal
