
Microsoft Visual Studio Solution File, Format Version 12.00
# Visual Studio Version 16
VisualStudioVersion = 16.0.810.25
MinimumVisualStudioVersion = 10.0.40219.1
Project("{FAE04EC0-301F-11D3-BF4B-00C04F79EFBC}") = "P01_UniqueUsernames", "P01_UniqueUsernames\P01_UniqueUsernames.csproj", "{41566695-CB20-49BA-A01F-334DFF028979}"
EndProject
Project("{FAE04EC0-301F-11D3-BF4B-00C04F79EFBC}") = "P02_SetsOfElements", "P02_SetsOfElements\P02_SetsOfElements.csproj", "{CD4C650E-EF23-4955-97ED-38CB5A9A15EE}"
EndProject
Project("{FAE04EC0-301F-11D3-BF4B-00C04F79EFBC}") = "P03_PeriodicTable", "P03_PeriodicTable\P03_PeriodicTable.csproj", "{1BB3136C-330F-45CD-B6A6-0B12DEFE9662}"
EndProject
Project("{FAE04EC0-301F-11D3-BF4B-00C04F79EFBC}") = "P04_EvenTimes", "P04_EvenTimes\P04_EvenTimes.csproj", "{6591F220-6263-42B9-B7A5-BB78F79B7A30}"
EndProject
Project("{FAE04EC0-301F-11D3-BF4B-00C04F79EFBC}") = "P05_CountSymbols", "P05_CountSymbols\P05_CountSymbols.csproj", "{C87DE62E-722F-458A-B5B3-204492FA5004}"
EndProject
Project("{FAE04EC0-301F-11D3-BF4B-00C04F79EFBC}") = "P06_Wardrobe", "P06_Wardrobe\P06_Wardrobe.csproj", "{1587D2CC-73A0-482A-86AE-9196243839D9}"
EndProject
Project("{FAE04EC0-301F-11D3-BF4B-00C04F79EFBC}") = "P10_ForceBook", "P10_ForceBook\P10_ForceBook.csproj", "{A7ED31E9-3191-45B2-8E49-A7A4FA3D2124}"
EndProject
Project("{FAE04EC0-301F-11D3-BF4B-00C04F79EFBC}") = "P07_TheV-Logger", "P07_TheV-Logger\P07_TheV-Logger.csproj", "{13E33BCB-7374-4983-8BB5-8D13623A76B0}"
EndProject
Project("{FAE04EC0-301F-11D3-BF4B-00C04F79EFBC}") = "P08_Ranking", "P08_Ranking\P08_Ranking.csproj", "{15562787-23CD-437B-AE18-F185E20D1454}"
EndProject
Global
	GlobalSection(SolutionConfigurationPlatforms) = preSolution
		Debug|Any CPU = Debug|Any CPU
		Release|Any CPU = Release|Any CPU
	EndGlobalSection
	GlobalSection(ProjectConfigurationPlatforms) = postSolution
		{41566695-CB20-49BA-A01F-334DFF028979}.Debug|Any CPU.ActiveCfg = Debug|Any CPU
		{41566695-CB20-49BA-A01F-334DFF028979}.Debug|Any CPU.Build.0 = Debug|Any CPU
		{41566695-CB20-49BA-A01F-334DFF028979}.Release|Any CPU.ActiveCfg = Release|Any CPU
		{41566695-CB20-49BA-A01F-334DFF028979}.Release|Any CPU.Build.0 = Release|Any CPU
		{CD4C650E-EF23-4955-97ED-38CB5A9A15EE}.Debug|Any CPU.ActiveCfg = Debug|Any CPU
		{CD4C650E-EF23-4955-97ED-38CB5A9A15EE}.Debug|Any CPU.Build.0 = Debug|Any CPU
		{CD4C650E-EF23-4955-97ED-38CB5A9A15EE}.Release|Any CPU.ActiveCfg = Release|Any CPU
		{CD4C650E-EF23-4955-97ED-38CB5A9A15EE}.Release|Any CPU.Build.0 = Release|Any CPU
		{1BB3136C-330F-45CD-B6A6-0B12DEFE9662}.Debug|Any CPU.ActiveCfg = Debug|Any CPU
		{1BB3136C-330F-45CD-B6A6-0B12DEFE9662}.Debug|Any CPU.Build.0 = Debug|Any CPU
		{1BB3136C-330F-45CD-B6A6-0B12DEFE9662}.Release|Any CPU.ActiveCfg = Release|Any CPU
		{1BB3136C-330F-45CD-B6A6-0B12DEFE9662}.Release|Any CPU.Build.0 = Release|Any CPU
		{6591F220-6263-42B9-B7A5-BB78F79B7A30}.Debug|Any CPU.ActiveCfg = Debug|Any CPU
		{6591F220-6263-42B9-B7A5-BB78F79B7A30}.Debug|Any CPU.Build.0 = Debug|Any CPU
		{6591F220-6263-42B9-B7A5-BB78F79B7A30}.Release|Any CPU.ActiveCfg = Release|Any CPU
		{6591F220-6263-42B9-B7A5-BB78F79B7A30}.Release|Any CPU.Build.0 = Release|Any CPU
		{C87DE62E-722F-458A-B5B3-204492FA5004}.Debug|Any CPU.ActiveCfg = Debug|Any CPU
		{C87DE62E-722F-458A-B5B3-204492FA5004}.Debug|Any CPU.Build.0 = Debug|Any CPU
		{C87DE62E-722F-458A-B5B3-204492FA5004}.Release|Any CPU.ActiveCfg = Release|Any CPU
		{C87DE62E-722F-458A-B5B3-204492FA5004}.Release|Any CPU.Build.0 = Release|Any CPU
		{1587D2CC-73A0-482A-86AE-9196243839D9}.Debug|Any CPU.ActiveCfg = Debug|Any CPU
		{1587D2CC-73A0-482A-86AE-9196243839D9}.Debug|Any CPU.Build.0 = Debug|Any CPU
		{1587D2CC-73A0-482A-86AE-9196243839D9}.Release|Any CPU.ActiveCfg = Release|Any CPU
		{1587D2CC-73A0-482A-86AE-9196243839D9}.Release|Any CPU.Build.0 = Release|Any CPU
		{A7ED31E9-3191-45B2-8E49-A7A4FA3D2124}.Debug|Any CPU.ActiveCfg = Debug|Any CPU
		{A7ED31E9-3191-45B2-8E49-A7A4FA3D2124}.Debug|Any CPU.Build.0 = Debug|Any CPU
		{A7ED31E9-3191-45B2-8E49-A7A4FA3D2124}.Release|Any CPU.ActiveCfg = Release|Any CPU
		{A7ED31E9-3191-45B2-8E49-A7A4FA3D2124}.Release|Any CPU.Build.0 = Release|Any CPU
		{13E33BCB-7374-4983-8BB5-8D13623A76B0}.Debug|Any CPU.ActiveCfg = Debug|Any CPU
		{13E33BCB-7374-4983-8BB5-8D13623A76B0}.Debug|Any CPU.Build.0 = Debug|Any CPU
		{13E33BCB-7374-4983-8BB5-8D13623A76B0}.Release|Any CPU.ActiveCfg = Release|Any CPU
		{13E33BCB-7374-4983-8BB5-8D13623A76B0}.Release|Any CPU.Build.0 = Release|Any CPU
		{15562787-23CD-437B-AE18-F185E20D1454}.Debug|Any CPU.ActiveCfg = Debug|Any CPU
		{15562787-23CD-437B-AE18-F185E20D1454}.Debug|Any CPU.Build.0 = Debug|Any CPU
		{15562787-23CD-437B-AE18-F185E20D1454}.Release|Any CPU.ActiveCfg = Release|Any CPU
		{15562787-23CD-437B-AE18-F185E20D1454}.Release|Any CPU.Build.0 = Release|Any CPU
	EndGlobalSection
	GlobalSection(SolutionProperties) = preSolution
		HideSolutionNode = FALSE
	EndGlobalSection
	GlobalSection(ExtensibilityGlobals) = postSolution
		SolutionGuid = {65632F90-01B0-4EA6-A973-AB3635B8E169}
	EndGlobalSection
EndGlobal
