
Microsoft Visual Studio Solution File, Format Version 12.00
# Visual Studio Version 16
VisualStudioVersion = 25.0.1704.3
MinimumVisualStudioVersion = 10.0.40219.1
Project("{FAE04EC0-301F-11D3-BF4B-00C04F79EFBC}") = "GenericBoxOfString", "P01_GenericBoxOfString\GenericBoxOfString.csproj", "{FC8CFC4B-82EB-4EED-9F02-5A2004CDD5B2}"
EndProject
Project("{FAE04EC0-301F-11D3-BF4B-00C04F79EFBC}") = "GenericBoxOfInteger", "P02_GenericBoxOfInteger\GenericBoxOfInteger.csproj", "{F4DB16F7-232F-4EC8-9571-8F4B1C7D1B44}"
EndProject
Project("{FAE04EC0-301F-11D3-BF4B-00C04F79EFBC}") = "GenericSwapMethodStrings", "P03_GenericSwapMethodStrings\GenericSwapMethodStrings.csproj", "{C88D2AA9-CD76-4BC8-8878-9CD1F6F267DC}"
EndProject
Project("{FAE04EC0-301F-11D3-BF4B-00C04F79EFBC}") = "GenericSwapMethodIntegers", "P04_GenericSwapMethodIntegers\GenericSwapMethodIntegers.csproj", "{58A3C900-0C11-4E9D-A747-B7781ECF4693}"
EndProject
Project("{FAE04EC0-301F-11D3-BF4B-00C04F79EFBC}") = "GenericCountMethodStrings", "P05_GenericCountMethodStrings\GenericCountMethodStrings.csproj", "{EC413F7D-8062-4F86-B7DF-735EF11ECB61}"
EndProject
Project("{FAE04EC0-301F-11D3-BF4B-00C04F79EFBC}") = "GenericCountMethodDoubles", "P06_GenericCountMethodDoubles\GenericCountMethodDoubles.csproj", "{BCE10C4B-2616-49F9-A733-E85B1F794E77}"
EndProject
Project("{FAE04EC0-301F-11D3-BF4B-00C04F79EFBC}") = "CustomTuple", "P07_Tuple\CustomTuple.csproj", "{9B9403C4-D2D3-4BE7-98BD-12296A336D45}"
EndProject
Project("{FAE04EC0-301F-11D3-BF4B-00C04F79EFBC}") = "Threeuple", "P08_Threeuple\Threeuple.csproj", "{B35B39CA-D344-415C-B214-EBB938C80418}"
EndProject
Project("{FAE04EC0-301F-11D3-BF4B-00C04F79EFBC}") = "CustomDoublyLinkedList", "P09_CustomDoublyLinkedList\CustomDoublyLinkedList.csproj", "{CD1C1862-EB4B-4B2D-80CA-E2D8A0B97640}"
EndProject
Global
	GlobalSection(SolutionConfigurationPlatforms) = preSolution
		Debug|Any CPU = Debug|Any CPU
		Release|Any CPU = Release|Any CPU
	EndGlobalSection
	GlobalSection(ProjectConfigurationPlatforms) = postSolution
		{FC8CFC4B-82EB-4EED-9F02-5A2004CDD5B2}.Debug|Any CPU.ActiveCfg = Debug|Any CPU
		{FC8CFC4B-82EB-4EED-9F02-5A2004CDD5B2}.Debug|Any CPU.Build.0 = Debug|Any CPU
		{FC8CFC4B-82EB-4EED-9F02-5A2004CDD5B2}.Release|Any CPU.ActiveCfg = Release|Any CPU
		{FC8CFC4B-82EB-4EED-9F02-5A2004CDD5B2}.Release|Any CPU.Build.0 = Release|Any CPU
		{F4DB16F7-232F-4EC8-9571-8F4B1C7D1B44}.Debug|Any CPU.ActiveCfg = Debug|Any CPU
		{F4DB16F7-232F-4EC8-9571-8F4B1C7D1B44}.Debug|Any CPU.Build.0 = Debug|Any CPU
		{F4DB16F7-232F-4EC8-9571-8F4B1C7D1B44}.Release|Any CPU.ActiveCfg = Release|Any CPU
		{F4DB16F7-232F-4EC8-9571-8F4B1C7D1B44}.Release|Any CPU.Build.0 = Release|Any CPU
		{C88D2AA9-CD76-4BC8-8878-9CD1F6F267DC}.Debug|Any CPU.ActiveCfg = Debug|Any CPU
		{C88D2AA9-CD76-4BC8-8878-9CD1F6F267DC}.Debug|Any CPU.Build.0 = Debug|Any CPU
		{C88D2AA9-CD76-4BC8-8878-9CD1F6F267DC}.Release|Any CPU.ActiveCfg = Release|Any CPU
		{C88D2AA9-CD76-4BC8-8878-9CD1F6F267DC}.Release|Any CPU.Build.0 = Release|Any CPU
		{58A3C900-0C11-4E9D-A747-B7781ECF4693}.Debug|Any CPU.ActiveCfg = Debug|Any CPU
		{58A3C900-0C11-4E9D-A747-B7781ECF4693}.Debug|Any CPU.Build.0 = Debug|Any CPU
		{58A3C900-0C11-4E9D-A747-B7781ECF4693}.Release|Any CPU.ActiveCfg = Release|Any CPU
		{58A3C900-0C11-4E9D-A747-B7781ECF4693}.Release|Any CPU.Build.0 = Release|Any CPU
		{EC413F7D-8062-4F86-B7DF-735EF11ECB61}.Debug|Any CPU.ActiveCfg = Debug|Any CPU
		{EC413F7D-8062-4F86-B7DF-735EF11ECB61}.Debug|Any CPU.Build.0 = Debug|Any CPU
		{EC413F7D-8062-4F86-B7DF-735EF11ECB61}.Release|Any CPU.ActiveCfg = Release|Any CPU
		{EC413F7D-8062-4F86-B7DF-735EF11ECB61}.Release|Any CPU.Build.0 = Release|Any CPU
		{BCE10C4B-2616-49F9-A733-E85B1F794E77}.Debug|Any CPU.ActiveCfg = Debug|Any CPU
		{BCE10C4B-2616-49F9-A733-E85B1F794E77}.Debug|Any CPU.Build.0 = Debug|Any CPU
		{BCE10C4B-2616-49F9-A733-E85B1F794E77}.Release|Any CPU.ActiveCfg = Release|Any CPU
		{BCE10C4B-2616-49F9-A733-E85B1F794E77}.Release|Any CPU.Build.0 = Release|Any CPU
		{9B9403C4-D2D3-4BE7-98BD-12296A336D45}.Debug|Any CPU.ActiveCfg = Debug|Any CPU
		{9B9403C4-D2D3-4BE7-98BD-12296A336D45}.Debug|Any CPU.Build.0 = Debug|Any CPU
		{9B9403C4-D2D3-4BE7-98BD-12296A336D45}.Release|Any CPU.ActiveCfg = Release|Any CPU
		{9B9403C4-D2D3-4BE7-98BD-12296A336D45}.Release|Any CPU.Build.0 = Release|Any CPU
		{B35B39CA-D344-415C-B214-EBB938C80418}.Debug|Any CPU.ActiveCfg = Debug|Any CPU
		{B35B39CA-D344-415C-B214-EBB938C80418}.Debug|Any CPU.Build.0 = Debug|Any CPU
		{B35B39CA-D344-415C-B214-EBB938C80418}.Release|Any CPU.ActiveCfg = Release|Any CPU
		{B35B39CA-D344-415C-B214-EBB938C80418}.Release|Any CPU.Build.0 = Release|Any CPU
		{CD1C1862-EB4B-4B2D-80CA-E2D8A0B97640}.Debug|Any CPU.ActiveCfg = Debug|Any CPU
		{CD1C1862-EB4B-4B2D-80CA-E2D8A0B97640}.Debug|Any CPU.Build.0 = Debug|Any CPU
		{CD1C1862-EB4B-4B2D-80CA-E2D8A0B97640}.Release|Any CPU.ActiveCfg = Release|Any CPU
		{CD1C1862-EB4B-4B2D-80CA-E2D8A0B97640}.Release|Any CPU.Build.0 = Release|Any CPU
	EndGlobalSection
	GlobalSection(SolutionProperties) = preSolution
		HideSolutionNode = FALSE
	EndGlobalSection
	GlobalSection(ExtensibilityGlobals) = postSolution
		SolutionGuid = {ED87DFBF-5E77-4B0B-9D14-46D3C198972F}
	EndGlobalSection
EndGlobal
