
Microsoft Visual Studio Solution File, Format Version 12.00
# Visual Studio Version 16
VisualStudioVersion = 25.0.1704.2
MinimumVisualStudioVersion = 10.0.40219.1
Project("{FAE04EC0-301F-11D3-BF4B-00C04F79EFBC}") = "P01_SumMatrixElements", "P01_SumMatrixElements\P01_SumMatrixElements.csproj", "{1EF8527E-3AC3-4A46-8B5F-983B4D6BDD40}"
EndProject
Project("{FAE04EC0-301F-11D3-BF4B-00C04F79EFBC}") = "P02_SumMatrixColumns", "P02_SumMatrixColumns\P02_SumMatrixColumns.csproj", "{2C083067-2009-41C1-B240-5DFC58854A1F}"
EndProject
Project("{FAE04EC0-301F-11D3-BF4B-00C04F79EFBC}") = "P03_PrimaryDiagonal", "P03_PrimaryDiagonal\P03_PrimaryDiagonal.csproj", "{6E22CF08-E6EF-4C5E-A395-AA23A3F1C76D}"
EndProject
Project("{FAE04EC0-301F-11D3-BF4B-00C04F79EFBC}") = "P04_SymbolInMatrix", "P04_SymbolInMatrix\P04_SymbolInMatrix.csproj", "{55709FD8-A069-4FBB-90AC-11EBA61BE5E4}"
EndProject
Project("{FAE04EC0-301F-11D3-BF4B-00C04F79EFBC}") = "P05_SquareWithMaximumSum", "P05_SquareWithMaximumSum\P05_SquareWithMaximumSum.csproj", "{EB449ED2-58D8-4EE8-9C8D-FE7AC463E6D2}"
EndProject
Project("{FAE04EC0-301F-11D3-BF4B-00C04F79EFBC}") = "T06_Jagged-ArrayModification", "T06_Jagged-ArrayModification\T06_Jagged-ArrayModification.csproj", "{DD195EED-2C4D-4E1D-B098-BBBB5ED40FA1}"
EndProject
Project("{FAE04EC0-301F-11D3-BF4B-00C04F79EFBC}") = "P07_PascalTriangle", "P07_PascalTriangle\P07_PascalTriangle.csproj", "{514747D3-5A0A-4AEB-AEFB-7F29E59751FF}"
EndProject
Global
	GlobalSection(SolutionConfigurationPlatforms) = preSolution
		Debug|Any CPU = Debug|Any CPU
		Release|Any CPU = Release|Any CPU
	EndGlobalSection
	GlobalSection(ProjectConfigurationPlatforms) = postSolution
		{1EF8527E-3AC3-4A46-8B5F-983B4D6BDD40}.Debug|Any CPU.ActiveCfg = Debug|Any CPU
		{1EF8527E-3AC3-4A46-8B5F-983B4D6BDD40}.Debug|Any CPU.Build.0 = Debug|Any CPU
		{1EF8527E-3AC3-4A46-8B5F-983B4D6BDD40}.Release|Any CPU.ActiveCfg = Release|Any CPU
		{1EF8527E-3AC3-4A46-8B5F-983B4D6BDD40}.Release|Any CPU.Build.0 = Release|Any CPU
		{2C083067-2009-41C1-B240-5DFC58854A1F}.Debug|Any CPU.ActiveCfg = Debug|Any CPU
		{2C083067-2009-41C1-B240-5DFC58854A1F}.Debug|Any CPU.Build.0 = Debug|Any CPU
		{2C083067-2009-41C1-B240-5DFC58854A1F}.Release|Any CPU.ActiveCfg = Release|Any CPU
		{2C083067-2009-41C1-B240-5DFC58854A1F}.Release|Any CPU.Build.0 = Release|Any CPU
		{6E22CF08-E6EF-4C5E-A395-AA23A3F1C76D}.Debug|Any CPU.ActiveCfg = Debug|Any CPU
		{6E22CF08-E6EF-4C5E-A395-AA23A3F1C76D}.Debug|Any CPU.Build.0 = Debug|Any CPU
		{6E22CF08-E6EF-4C5E-A395-AA23A3F1C76D}.Release|Any CPU.ActiveCfg = Release|Any CPU
		{6E22CF08-E6EF-4C5E-A395-AA23A3F1C76D}.Release|Any CPU.Build.0 = Release|Any CPU
		{55709FD8-A069-4FBB-90AC-11EBA61BE5E4}.Debug|Any CPU.ActiveCfg = Debug|Any CPU
		{55709FD8-A069-4FBB-90AC-11EBA61BE5E4}.Debug|Any CPU.Build.0 = Debug|Any CPU
		{55709FD8-A069-4FBB-90AC-11EBA61BE5E4}.Release|Any CPU.ActiveCfg = Release|Any CPU
		{55709FD8-A069-4FBB-90AC-11EBA61BE5E4}.Release|Any CPU.Build.0 = Release|Any CPU
		{EB449ED2-58D8-4EE8-9C8D-FE7AC463E6D2}.Debug|Any CPU.ActiveCfg = Debug|Any CPU
		{EB449ED2-58D8-4EE8-9C8D-FE7AC463E6D2}.Debug|Any CPU.Build.0 = Debug|Any CPU
		{EB449ED2-58D8-4EE8-9C8D-FE7AC463E6D2}.Release|Any CPU.ActiveCfg = Release|Any CPU
		{EB449ED2-58D8-4EE8-9C8D-FE7AC463E6D2}.Release|Any CPU.Build.0 = Release|Any CPU
		{DD195EED-2C4D-4E1D-B098-BBBB5ED40FA1}.Debug|Any CPU.ActiveCfg = Debug|Any CPU
		{DD195EED-2C4D-4E1D-B098-BBBB5ED40FA1}.Debug|Any CPU.Build.0 = Debug|Any CPU
		{DD195EED-2C4D-4E1D-B098-BBBB5ED40FA1}.Release|Any CPU.ActiveCfg = Release|Any CPU
		{DD195EED-2C4D-4E1D-B098-BBBB5ED40FA1}.Release|Any CPU.Build.0 = Release|Any CPU
		{514747D3-5A0A-4AEB-AEFB-7F29E59751FF}.Debug|Any CPU.ActiveCfg = Debug|Any CPU
		{514747D3-5A0A-4AEB-AEFB-7F29E59751FF}.Debug|Any CPU.Build.0 = Debug|Any CPU
		{514747D3-5A0A-4AEB-AEFB-7F29E59751FF}.Release|Any CPU.ActiveCfg = Release|Any CPU
		{514747D3-5A0A-4AEB-AEFB-7F29E59751FF}.Release|Any CPU.Build.0 = Release|Any CPU
	EndGlobalSection
	GlobalSection(SolutionProperties) = preSolution
		HideSolutionNode = FALSE
	EndGlobalSection
	GlobalSection(ExtensibilityGlobals) = postSolution
		SolutionGuid = {7AC482CF-EEFC-4FAE-A439-70F216423C55}
	EndGlobalSection
EndGlobal
