
Microsoft Visual Studio Solution File, Format Version 12.00
# Visual Studio Version 16
VisualStudioVersion = 25.0.1704.3
MinimumVisualStudioVersion = 10.0.40219.1
Project("{FAE04EC0-301F-11D3-BF4B-00C04F79EFBC}") = "BoxOfT", "P01_BoxOfT\BoxOfT.csproj", "{1DFA75C7-E282-4A87-B54B-389A10D4C179}"
EndProject
Project("{FAE04EC0-301F-11D3-BF4B-00C04F79EFBC}") = "GenericArrayCreator", "P02_GenericArrayCreator\GenericArrayCreator.csproj", "{26C4A52A-C749-48AE-9B7B-D071028EFE2E}"
EndProject
Global
	GlobalSection(SolutionConfigurationPlatforms) = preSolution
		Debug|Any CPU = Debug|Any CPU
		Release|Any CPU = Release|Any CPU
	EndGlobalSection
	GlobalSection(ProjectConfigurationPlatforms) = postSolution
		{1DFA75C7-E282-4A87-B54B-389A10D4C179}.Debug|Any CPU.ActiveCfg = Debug|Any CPU
		{1DFA75C7-E282-4A87-B54B-389A10D4C179}.Debug|Any CPU.Build.0 = Debug|Any CPU
		{1DFA75C7-E282-4A87-B54B-389A10D4C179}.Release|Any CPU.ActiveCfg = Release|Any CPU
		{1DFA75C7-E282-4A87-B54B-389A10D4C179}.Release|Any CPU.Build.0 = Release|Any CPU
		{26C4A52A-C749-48AE-9B7B-D071028EFE2E}.Debug|Any CPU.ActiveCfg = Debug|Any CPU
		{26C4A52A-C749-48AE-9B7B-D071028EFE2E}.Debug|Any CPU.Build.0 = Debug|Any CPU
		{26C4A52A-C749-48AE-9B7B-D071028EFE2E}.Release|Any CPU.ActiveCfg = Release|Any CPU
		{26C4A52A-C749-48AE-9B7B-D071028EFE2E}.Release|Any CPU.Build.0 = Release|Any CPU
	EndGlobalSection
	GlobalSection(SolutionProperties) = preSolution
		HideSolutionNode = FALSE
	EndGlobalSection
	GlobalSection(ExtensibilityGlobals) = postSolution
		SolutionGuid = {FE9934DD-F2C1-4CDA-806F-D9C2D63CF929}
	EndGlobalSection
EndGlobal
