
Microsoft Visual Studio Solution File, Format Version 12.00
# Visual Studio Version 16
VisualStudioVersion = 25.0.1704.4
MinimumVisualStudioVersion = 10.0.40219.1
Project("{FAE04EC0-301F-11D3-BF4B-00C04F79EFBC}") = "IteratorsAndComparators", "P01_Library\IteratorsAndComparators.csproj", "{765CD79F-6245-4E3F-9555-A16D01A35480}"
EndProject
Global
	GlobalSection(SolutionConfigurationPlatforms) = preSolution
		Debug|Any CPU = Debug|Any CPU
		Release|Any CPU = Release|Any CPU
	EndGlobalSection
	GlobalSection(ProjectConfigurationPlatforms) = postSolution
		{765CD79F-6245-4E3F-9555-A16D01A35480}.Debug|Any CPU.ActiveCfg = Debug|Any CPU
		{765CD79F-6245-4E3F-9555-A16D01A35480}.Debug|Any CPU.Build.0 = Debug|Any CPU
		{765CD79F-6245-4E3F-9555-A16D01A35480}.Release|Any CPU.ActiveCfg = Release|Any CPU
		{765CD79F-6245-4E3F-9555-A16D01A35480}.Release|Any CPU.Build.0 = Release|Any CPU
	EndGlobalSection
	GlobalSection(SolutionProperties) = preSolution
		HideSolutionNode = FALSE
	EndGlobalSection
	GlobalSection(ExtensibilityGlobals) = postSolution
		SolutionGuid = {0275B725-355D-4045-A4D5-7E7E251E28A3}
	EndGlobalSection
EndGlobal
