
Microsoft Visual Studio Solution File, Format Version 12.00
# Visual Studio Version 16
VisualStudioVersion = 16.0.810.25
MinimumVisualStudioVersion = 10.0.40219.1
Project("{FAE04EC0-301F-11D3-BF4B-00C04F79EFBC}") = "P01_CountSameValuesInArray", "P01_CountSameValuesInArray\P01_CountSameValuesInArray.csproj", "{08D57B60-56E4-4AC6-BAAA-E01F2BD7C20C}"
EndProject
Project("{FAE04EC0-301F-11D3-BF4B-00C04F79EFBC}") = "P02_AverageStudentGrades", "P02_AverageStudentGrades\P02_AverageStudentGrades.csproj", "{060EBEEE-5825-4DC9-A472-9609F0521247}"
EndProject
Project("{FAE04EC0-301F-11D3-BF4B-00C04F79EFBC}") = "P03_Largest3Numbers", "P03_Largest3Numbers\P03_Largest3Numbers.csproj", "{6409C733-F844-4B29-BD4B-BA5C9F0D2455}"
EndProject
Project("{FAE04EC0-301F-11D3-BF4B-00C04F79EFBC}") = "P04_ProductShop", "P04_ProductShop\P04_ProductShop.csproj", "{D1CA701E-4341-4706-9986-C5003833E081}"
EndProject
Project("{FAE04EC0-301F-11D3-BF4B-00C04F79EFBC}") = "P05_CitiesByContinentAndCountry", "P05_CitiesByContinentAndCountry\P05_CitiesByContinentAndCountry.csproj", "{888C7390-AC01-4718-80C3-7935EEE0539A}"
EndProject
Global
	GlobalSection(SolutionConfigurationPlatforms) = preSolution
		Debug|Any CPU = Debug|Any CPU
		Release|Any CPU = Release|Any CPU
	EndGlobalSection
	GlobalSection(ProjectConfigurationPlatforms) = postSolution
		{08D57B60-56E4-4AC6-BAAA-E01F2BD7C20C}.Debug|Any CPU.ActiveCfg = Debug|Any CPU
		{08D57B60-56E4-4AC6-BAAA-E01F2BD7C20C}.Debug|Any CPU.Build.0 = Debug|Any CPU
		{08D57B60-56E4-4AC6-BAAA-E01F2BD7C20C}.Release|Any CPU.ActiveCfg = Release|Any CPU
		{08D57B60-56E4-4AC6-BAAA-E01F2BD7C20C}.Release|Any CPU.Build.0 = Release|Any CPU
		{060EBEEE-5825-4DC9-A472-9609F0521247}.Debug|Any CPU.ActiveCfg = Debug|Any CPU
		{060EBEEE-5825-4DC9-A472-9609F0521247}.Debug|Any CPU.Build.0 = Debug|Any CPU
		{060EBEEE-5825-4DC9-A472-9609F0521247}.Release|Any CPU.ActiveCfg = Release|Any CPU
		{060EBEEE-5825-4DC9-A472-9609F0521247}.Release|Any CPU.Build.0 = Release|Any CPU
		{6409C733-F844-4B29-BD4B-BA5C9F0D2455}.Debug|Any CPU.ActiveCfg = Debug|Any CPU
		{6409C733-F844-4B29-BD4B-BA5C9F0D2455}.Debug|Any CPU.Build.0 = Debug|Any CPU
		{6409C733-F844-4B29-BD4B-BA5C9F0D2455}.Release|Any CPU.ActiveCfg = Release|Any CPU
		{6409C733-F844-4B29-BD4B-BA5C9F0D2455}.Release|Any CPU.Build.0 = Release|Any CPU
		{D1CA701E-4341-4706-9986-C5003833E081}.Debug|Any CPU.ActiveCfg = Debug|Any CPU
		{D1CA701E-4341-4706-9986-C5003833E081}.Debug|Any CPU.Build.0 = Debug|Any CPU
		{D1CA701E-4341-4706-9986-C5003833E081}.Release|Any CPU.ActiveCfg = Release|Any CPU
		{D1CA701E-4341-4706-9986-C5003833E081}.Release|Any CPU.Build.0 = Release|Any CPU
		{888C7390-AC01-4718-80C3-7935EEE0539A}.Debug|Any CPU.ActiveCfg = Debug|Any CPU
		{888C7390-AC01-4718-80C3-7935EEE0539A}.Debug|Any CPU.Build.0 = Debug|Any CPU
		{888C7390-AC01-4718-80C3-7935EEE0539A}.Release|Any CPU.ActiveCfg = Release|Any CPU
		{888C7390-AC01-4718-80C3-7935EEE0539A}.Release|Any CPU.Build.0 = Release|Any CPU
	EndGlobalSection
	GlobalSection(SolutionProperties) = preSolution
		HideSolutionNode = FALSE
	EndGlobalSection
	GlobalSection(ExtensibilityGlobals) = postSolution
		SolutionGuid = {764775A6-4B4C-450B-8BAF-1DBF74DA41EB}
	EndGlobalSection
EndGlobal
